
Microsoft Visual Studio Solution File, Format Version 12.00
# Visual Studio 2013
VisualStudioVersion = 12.0.30723.0
MinimumVisualStudioVersion = 10.0.40219.1
Project("{FAE04EC0-301F-11D3-BF4B-00C04F79EFBC}") = "ConsoleApplicationLabo1", "ConsoleApplicationLabo1\ConsoleApplicationLabo1.csproj", "{30BE9827-492A-4707-B215-DA6A8658DA5B}"
EndProject
Global
	GlobalSection(SolutionConfigurationPlatforms) = preSolution
		Debug|Any CPU = Debug|Any CPU
		Release|Any CPU = Release|Any CPU
	EndGlobalSection
	GlobalSection(ProjectConfigurationPlatforms) = postSolution
		{30BE9827-492A-4707-B215-DA6A8658DA5B}.Debug|Any CPU.ActiveCfg = Debug|Any CPU
		{30BE9827-492A-4707-B215-DA6A8658DA5B}.Debug|Any CPU.Build.0 = Debug|Any CPU
		{30BE9827-492A-4707-B215-DA6A8658DA5B}.Release|Any CPU.ActiveCfg = Release|Any CPU
		{30BE9827-492A-4707-B215-DA6A8658DA5B}.Release|Any CPU.Build.0 = Release|Any CPU
	EndGlobalSection
	GlobalSection(SolutionProperties) = preSolution
		HideSolutionNode = FALSE
	EndGlobalSection
EndGlobal
